
Microsoft Visual Studio Solution File, Format Version 12.00
# Visual Studio Version 16
VisualStudioVersion = 16.0.29905.134
MinimumVisualStudioVersion = 10.0.40219.1
Project("{FAE04EC0-301F-11D3-BF4B-00C04F79EFBC}") = "Employee Wage Computation1", "Employee Wage Computation1.csproj", "{BFF8381C-A56D-4910-AE9F-D74C0816678C}"
EndProject
Global
	GlobalSection(SolutionConfigurationPlatforms) = preSolution
		Debug|Any CPU = Debug|Any CPU
		Release|Any CPU = Release|Any CPU
	EndGlobalSection
	GlobalSection(ProjectConfigurationPlatforms) = postSolution
		{BFF8381C-A56D-4910-AE9F-D74C0816678C}.Debug|Any CPU.ActiveCfg = Debug|Any CPU
		{BFF8381C-A56D-4910-AE9F-D74C0816678C}.Debug|Any CPU.Build.0 = Debug|Any CPU
		{BFF8381C-A56D-4910-AE9F-D74C0816678C}.Release|Any CPU.ActiveCfg = Release|Any CPU
		{BFF8381C-A56D-4910-AE9F-D74C0816678C}.Release|Any CPU.Build.0 = Release|Any CPU
	EndGlobalSection
	GlobalSection(SolutionProperties) = preSolution
		HideSolutionNode = FALSE
	EndGlobalSection
	GlobalSection(ExtensibilityGlobals) = postSolution
		SolutionGuid = {5725E64A-FCA3-4BD9-ADF9-7D051D2A558C}
	EndGlobalSection
EndGlobal
